# This file is automatically @generated by Poetry 2.1.1 and should not be changed by hand.

[[package]]
name = "colorama"
version = "0.4.6"
description = "Cross-platform colored terminal text."
optional = false
python-versions = "!=3.0.*,!=3.1.*,!=3.2.*,!=3.3.*,!=3.4.*,!=3.5.*,!=3.6.*,>=2.7"
groups = ["dev"]
markers = "sys_platform == \"win32\""
files = [
    {file = "colorama-0.4.6-py2.py3-none-any.whl", hash = "sha256:4f1d9991f5acc0ca119f9d443620b77f9d6b33703e51011c16baf57afb285fc6"},
    {file = "colorama-0.4.6.tar.gz", hash = "sha256:08695f5cb7ed6e0531a20572697297273c47b8cae5a63ffc6d6ed5c201be6e44"},
]

[[package]]
name = "iniconfig"
version = "2.0.0"
description = "brain-dead simple config-ini parsing"
optional = false
python-versions = ">=3.7"
groups = ["dev"]
files = [
    {file = "iniconfig-2.0.0-py3-none-any.whl", hash = "sha256:b6a85871a79d2e3b22d2d1b94ac2824226a63c6b741c88f7ae975f18b6778374"},
    {file = "iniconfig-2.0.0.tar.gz", hash = "sha256:2d91e135bf72d31a410b17c16da610a82cb55f6b0477d1a902134b24a455b8b3"},
]

[[package]]
name = "mypy"
version = "1.16.0"
description = "Optional static typing for Python"
optional = false
python-versions = ">=3.9"
groups = ["dev"]
files = [
    {file = "mypy-1.16.0-cp310-cp310-macosx_10_9_x86_64.whl", hash = "sha256:7909541fef256527e5ee9c0a7e2aeed78b6cda72ba44298d1334fe7881b05c5c"},
    {file = "mypy-1.16.0-cp310-cp310-macosx_11_0_arm64.whl", hash = "sha256:e71d6f0090c2256c713ed3d52711d01859c82608b5d68d4fa01a3fe30df95571"},
    {file = "mypy-1.16.0-cp310-cp310-manylinux_2_17_aarch64.manylinux2014_aarch64.manylinux_2_28_aarch64.whl", hash = "sha256:936ccfdd749af4766be824268bfe22d1db9eb2f34a3ea1d00ffbe5b5265f5491"},
    {file = "mypy-1.16.0-cp310-cp310-manylinux_2_17_x86_64.manylinux2014_x86_64.manylinux_2_28_x86_64.whl", hash = "sha256:4086883a73166631307fdd330c4a9080ce24913d4f4c5ec596c601b3a4bdd777"},
    {file = "mypy-1.16.0-cp310-cp310-musllinux_1_2_x86_64.whl", hash = "sha256:feec38097f71797da0231997e0de3a58108c51845399669ebc532c815f93866b"},
    {file = "mypy-1.16.0-cp310-cp310-win_amd64.whl", hash = "sha256:09a8da6a0ee9a9770b8ff61b39c0bb07971cda90e7297f4213741b48a0cc8d93"},
    {file = "mypy-1.16.0-cp311-cp311-macosx_10_9_x86_64.whl", hash = "sha256:9f826aaa7ff8443bac6a494cf743f591488ea940dd360e7dd330e30dd772a5ab"},
    {file = "mypy-1.16.0-cp311-cp311-macosx_11_0_arm64.whl", hash = "sha256:82d056e6faa508501af333a6af192c700b33e15865bda49611e3d7d8358ebea2"},
    {file = "mypy-1.16.0-cp311-cp311-manylinux_2_17_aarch64.manylinux2014_aarch64.manylinux_2_28_aarch64.whl", hash = "sha256:089bedc02307c2548eb51f426e085546db1fa7dd87fbb7c9fa561575cf6eb1ff"},
    {file = "mypy-1.16.0-cp311-cp311-manylinux_2_17_x86_64.manylinux2014_x86_64.manylinux_2_28_x86_64.whl", hash = "sha256:6a2322896003ba66bbd1318c10d3afdfe24e78ef12ea10e2acd985e9d684a666"},
    {file = "mypy-1.16.0-cp311-cp311-musllinux_1_2_x86_64.whl", hash = "sha256:021a68568082c5b36e977d54e8f1de978baf401a33884ffcea09bd8e88a98f4c"},
    {file = "mypy-1.16.0-cp311-cp311-win_amd64.whl", hash = "sha256:54066fed302d83bf5128632d05b4ec68412e1f03ef2c300434057d66866cea4b"},
    {file = "mypy-1.16.0-cp312-cp312-macosx_10_13_x86_64.whl", hash = "sha256:c5436d11e89a3ad16ce8afe752f0f373ae9620841c50883dc96f8b8805620b13"},
    {file = "mypy-1.16.0-cp312-cp312-macosx_11_0_arm64.whl", hash = "sha256:f2622af30bf01d8fc36466231bdd203d120d7a599a6d88fb22bdcb9dbff84090"},
    {file = "mypy-1.16.0-cp312-cp312-manylinux_2_17_aarch64.manylinux2014_aarch64.manylinux_2_28_aarch64.whl", hash = "sha256:d045d33c284e10a038f5e29faca055b90eee87da3fc63b8889085744ebabb5a1"},
    {file = "mypy-1.16.0-cp312-cp312-manylinux_2_17_x86_64.manylinux2014_x86_64.manylinux_2_28_x86_64.whl", hash = "sha256:b4968f14f44c62e2ec4a038c8797a87315be8df7740dc3ee8d3bfe1c6bf5dba8"},
    {file = "mypy-1.16.0-cp312-cp312-musllinux_1_2_x86_64.whl", hash = "sha256:eb14a4a871bb8efb1e4a50360d4e3c8d6c601e7a31028a2c79f9bb659b63d730"},
    {file = "mypy-1.16.0-cp312-cp312-win_amd64.whl", hash = "sha256:bd4e1ebe126152a7bbaa4daedd781c90c8f9643c79b9748caa270ad542f12bec"},
    {file = "mypy-1.16.0-cp313-cp313-macosx_10_13_x86_64.whl", hash = "sha256:a9e056237c89f1587a3be1a3a70a06a698d25e2479b9a2f57325ddaaffc3567b"},
    {file = "mypy-1.16.0-cp313-cp313-macosx_11_0_arm64.whl", hash = "sha256:0b07e107affb9ee6ce1f342c07f51552d126c32cd62955f59a7db94a51ad12c0"},
    {file = "mypy-1.16.0-cp313-cp313-manylinux_2_17_aarch64.manylinux2014_aarch64.manylinux_2_28_aarch64.whl", hash = "sha256:c6fb60cbd85dc65d4d63d37cb5c86f4e3a301ec605f606ae3a9173e5cf34997b"},
    {file = "mypy-1.16.0-cp313-cp313-manylinux_2_17_x86_64.manylinux2014_x86_64.manylinux_2_28_x86_64.whl", hash = "sha256:a7e32297a437cc915599e0578fa6bc68ae6a8dc059c9e009c628e1c47f91495d"},
    {file = "mypy-1.16.0-cp313-cp313-musllinux_1_2_x86_64.whl", hash = "sha256:afe420c9380ccec31e744e8baff0d406c846683681025db3531b32db56962d52"},
    {file = "mypy-1.16.0-cp313-cp313-win_amd64.whl", hash = "sha256:55f9076c6ce55dd3f8cd0c6fff26a008ca8e5131b89d5ba6d86bd3f47e736eeb"},
    {file = "mypy-1.16.0-cp39-cp39-macosx_10_9_x86_64.whl", hash = "sha256:f56236114c425620875c7cf71700e3d60004858da856c6fc78998ffe767b73d3"},
    {file = "mypy-1.16.0-cp39-cp39-macosx_11_0_arm64.whl", hash = "sha256:15486beea80be24ff067d7d0ede673b001d0d684d0095803b3e6e17a886a2a92"},
    {file = "mypy-1.16.0-cp39-cp39-manylinux_2_17_aarch64.manylinux2014_aarch64.manylinux_2_28_aarch64.whl", hash = "sha256:f2ed0e0847a80655afa2c121835b848ed101cc7b8d8d6ecc5205aedc732b1436"},
    {file = "mypy-1.16.0-cp39-cp39-manylinux_2_17_x86_64.manylinux2014_x86_64.manylinux_2_28_x86_64.whl", hash = "sha256:eb5fbc8063cb4fde7787e4c0406aa63094a34a2daf4673f359a1fb64050e9cb2"},
    {file = "mypy-1.16.0-cp39-cp39-musllinux_1_2_x86_64.whl", hash = "sha256:a5fcfdb7318c6a8dd127b14b1052743b83e97a970f0edb6c913211507a255e20"},
    {file = "mypy-1.16.0-cp39-cp39-win_amd64.whl", hash = "sha256:2e7e0ad35275e02797323a5aa1be0b14a4d03ffdb2e5f2b0489fa07b89c67b21"},
    {file = "mypy-1.16.0-py3-none-any.whl", hash = "sha256:29e1499864a3888bca5c1542f2d7232c6e586295183320caa95758fc84034031"},
    {file = "mypy-1.16.0.tar.gz", hash = "sha256:84b94283f817e2aa6350a14b4a8fb2a35a53c286f97c9d30f53b63620e7af8ab"},
]

[package.dependencies]
mypy_extensions = ">=1.0.0"
pathspec = ">=0.9.0"
typing_extensions = ">=4.6.0"

[package.extras]
dmypy = ["psutil (>=4.0)"]
faster-cache = ["orjson"]
install-types = ["pip"]
mypyc = ["setuptools (>=50)"]
reports = ["lxml"]

[[package]]
name = "mypy-extensions"
version = "1.0.0"
description = "Type system extensions for programs checked with the mypy type checker."
optional = false
python-versions = ">=3.5"
groups = ["dev"]
files = [
    {file = "mypy_extensions-1.0.0-py3-none-any.whl", hash = "sha256:4392f6c0eb8a5668a69e23d168ffa70f0be9ccfd32b5cc2d26a34ae5b844552d"},
    {file = "mypy_extensions-1.0.0.tar.gz", hash = "sha256:75dbf8955dc00442a438fc4d0666508a9a97b6bd41aa2f0ffe9d2f2725af0782"},
]

[[package]]
name = "packaging"
version = "23.2"
description = "Core utilities for Python packages"
optional = false
python-versions = ">=3.7"
groups = ["dev"]
files = [
    {file = "packaging-23.2-py3-none-any.whl", hash = "sha256:8c491190033a9af7e1d931d0b5dacc2ef47509b34dd0de67ed209b5203fc88c7"},
    {file = "packaging-23.2.tar.gz", hash = "sha256:048fb0e9405036518eaaf48a55953c750c11e1a1b68e0dd1a9d62ed0c092cfc5"},
]

[[package]]
name = "pathspec"
version = "0.12.1"
description = "Utility library for gitignore style pattern matching of file paths."
optional = false
python-versions = ">=3.8"
groups = ["dev"]
files = [
    {file = "pathspec-0.12.1-py3-none-any.whl", hash = "sha256:a0d503e138a4c123b27490a4f7beda6a01c6f288df0e4a8b79c7eb0dc7b4cc08"},
    {file = "pathspec-0.12.1.tar.gz", hash = "sha256:a482d51503a1ab33b1c67a6c3813a26953dbdc71c31dacaef9a838c4e29f5712"},
]

[[package]]
name = "pluggy"
version = "1.3.0"
description = "plugin and hook calling mechanisms for python"
optional = false
python-versions = ">=3.8"
groups = ["dev"]
files = [
    {file = "pluggy-1.3.0-py3-none-any.whl", hash = "sha256:d89c696a773f8bd377d18e5ecda92b7a3793cbe66c87060a6fb58c7b6e1061f7"},
    {file = "pluggy-1.3.0.tar.gz", hash = "sha256:cf61ae8f126ac6f7c451172cf30e3e43d3ca77615509771b3a984a0730651e12"},
]

[package.extras]
dev = ["pre-commit", "tox"]
testing = ["pytest", "pytest-benchmark"]

[[package]]
name = "pytest"
version = "8.0.2"
description = "pytest: simple powerful testing with Python"
optional = false
python-versions = ">=3.8"
groups = ["dev"]
files = [
    {file = "pytest-8.0.2-py3-none-any.whl", hash = "sha256:edfaaef32ce5172d5466b5127b42e0d6d35ebbe4453f0e3505d96afd93f6b096"},
    {file = "pytest-8.0.2.tar.gz", hash = "sha256:d4051d623a2e0b7e51960ba963193b09ce6daeb9759a451844a21e4ddedfc1bd"},
]

[package.dependencies]
colorama = {version = "*", markers = "sys_platform == \"win32\""}
iniconfig = "*"
packaging = "*"
pluggy = ">=1.3.0,<2.0"

[package.extras]
testing = ["argcomplete", "attrs (>=19.2.0)", "hypothesis (>=3.56)", "mock", "nose", "pygments (>=2.7.2)", "requests", "setuptools", "xmlschema"]

[[package]]
name = "ruff"
version = "0.3.0"
description = "An extremely fast Python linter and code formatter, written in Rust."
optional = false
python-versions = ">=3.7"
groups = ["dev"]
files = [
    {file = "ruff-0.3.0-py3-none-macosx_10_12_x86_64.macosx_11_0_arm64.macosx_10_12_universal2.whl", hash = "sha256:7deb528029bacf845bdbb3dbb2927d8ef9b4356a5e731b10eef171e3f0a85944"},
    {file = "ruff-0.3.0-py3-none-macosx_10_12_x86_64.whl", hash = "sha256:e1e0d4381ca88fb2b73ea0766008e703f33f460295de658f5467f6f229658c19"},
    {file = "ruff-0.3.0-py3-none-manylinux_2_17_aarch64.manylinux2014_aarch64.whl", hash = "sha256:2f7dbba46e2827dfcb0f0cc55fba8e96ba7c8700e0a866eb8cef7d1d66c25dcb"},
    {file = "ruff-0.3.0-py3-none-manylinux_2_17_armv7l.manylinux2014_armv7l.whl", hash = "sha256:23dbb808e2f1d68eeadd5f655485e235c102ac6f12ad31505804edced2a5ae77"},
    {file = "ruff-0.3.0-py3-none-manylinux_2_17_i686.manylinux2014_i686.whl", hash = "sha256:3ef655c51f41d5fa879f98e40c90072b567c666a7114fa2d9fe004dffba00932"},
    {file = "ruff-0.3.0-py3-none-manylinux_2_17_ppc64.manylinux2014_ppc64.whl", hash = "sha256:d0d3d7ef3d4f06433d592e5f7d813314a34601e6c5be8481cccb7fa760aa243e"},
    {file = "ruff-0.3.0-py3-none-manylinux_2_17_ppc64le.manylinux2014_ppc64le.whl", hash = "sha256:b08b356d06a792e49a12074b62222f9d4ea2a11dca9da9f68163b28c71bf1dd4"},
    {file = "ruff-0.3.0-py3-none-manylinux_2_17_s390x.manylinux2014_s390x.whl", hash = "sha256:9343690f95710f8cf251bee1013bf43030072b9f8d012fbed6ad702ef70d360a"},
    {file = "ruff-0.3.0-py3-none-manylinux_2_17_x86_64.manylinux2014_x86_64.whl", hash = "sha256:a1f3ed501a42f60f4dedb7805fa8d4534e78b4e196f536bac926f805f0743d49"},
    {file = "ruff-0.3.0-py3-none-musllinux_1_2_aarch64.whl", hash = "sha256:cc30a9053ff2f1ffb505a585797c23434d5f6c838bacfe206c0e6cf38c921a1e"},
    {file = "ruff-0.3.0-py3-none-musllinux_1_2_armv7l.whl", hash = "sha256:5da894a29ec018a8293d3d17c797e73b374773943e8369cfc50495573d396933"},
    {file = "ruff-0.3.0-py3-none-musllinux_1_2_i686.whl", hash = "sha256:755c22536d7f1889be25f2baf6fedd019d0c51d079e8417d4441159f3bcd30c2"},
    {file = "ruff-0.3.0-py3-none-musllinux_1_2_x86_64.whl", hash = "sha256:dd73fe7f4c28d317855da6a7bc4aa29a1500320818dd8f27df95f70a01b8171f"},
    {file = "ruff-0.3.0-py3-none-win32.whl", hash = "sha256:19eacceb4c9406f6c41af806418a26fdb23120dfe53583df76d1401c92b7c14b"},
    {file = "ruff-0.3.0-py3-none-win_amd64.whl", hash = "sha256:128265876c1d703e5f5e5a4543bd8be47c73a9ba223fd3989d4aa87dd06f312f"},
    {file = "ruff-0.3.0-py3-none-win_arm64.whl", hash = "sha256:e3a4a6d46aef0a84b74fcd201a4401ea9a6cd85614f6a9435f2d33dd8cefbf83"},
    {file = "ruff-0.3.0.tar.gz", hash = "sha256:0886184ba2618d815067cf43e005388967b67ab9c80df52b32ec1152ab49f53a"},
]

[[package]]
name = "typing-extensions"
version = "4.8.0"
description = "Backported and Experimental Type Hints for Python 3.8+"
optional = false
python-versions = ">=3.8"
groups = ["dev"]
files = [
    {file = "typing_extensions-4.8.0-py3-none-any.whl", hash = "sha256:8f92fc8806f9a6b641eaa5318da32b44d401efaac0f6678c9bc448ba3605faa0"},
    {file = "typing_extensions-4.8.0.tar.gz", hash = "sha256:df8e4339e9cb77357558cbdbceca33c303714cf861d1eef15e1070055ae8b7ef"},
]

[metadata]
lock-version = "2.1"
python-versions = "^3.11"
content-hash = "77214b598bca78f0a8977d36470e8936af1633602d6806b511b034e7be5fcead"
